
Microsoft Visual Studio Solution File, Format Version 12.00
# Visual Studio Version 17
VisualStudioVersion = 17.6.33801.468
MinimumVisualStudioVersion = 10.0.40219.1
Project("{FAE04EC0-301F-11D3-BF4B-00C04F79EFBC}") = "AdventOfCode2023", "AdventOfCode2023\AdventOfCode2023.csproj", "{37DC4B35-13C0-45C7-8B8B-3D877131F5C3}"
EndProject
Project("{FAE04EC0-301F-11D3-BF4B-00C04F79EFBC}") = "AdventOfCode2023Tests", "AdventOfCode2023Tests\AdventOfCode2023Tests.csproj", "{24F900E6-9DCF-4BC7-AB8F-23A1FD6E3020}"
EndProject
Global
	GlobalSection(SolutionConfigurationPlatforms) = preSolution
		Debug|Any CPU = Debug|Any CPU
		Release|Any CPU = Release|Any CPU
	EndGlobalSection
	GlobalSection(ProjectConfigurationPlatforms) = postSolution
		{37DC4B35-13C0-45C7-8B8B-3D877131F5C3}.Debug|Any CPU.ActiveCfg = Debug|Any CPU
		{37DC4B35-13C0-45C7-8B8B-3D877131F5C3}.Debug|Any CPU.Build.0 = Debug|Any CPU
		{37DC4B35-13C0-45C7-8B8B-3D877131F5C3}.Release|Any CPU.ActiveCfg = Release|Any CPU
		{37DC4B35-13C0-45C7-8B8B-3D877131F5C3}.Release|Any CPU.Build.0 = Release|Any CPU
		{24F900E6-9DCF-4BC7-AB8F-23A1FD6E3020}.Debug|Any CPU.ActiveCfg = Debug|Any CPU
		{24F900E6-9DCF-4BC7-AB8F-23A1FD6E3020}.Debug|Any CPU.Build.0 = Debug|Any CPU
		{24F900E6-9DCF-4BC7-AB8F-23A1FD6E3020}.Release|Any CPU.ActiveCfg = Release|Any CPU
		{24F900E6-9DCF-4BC7-AB8F-23A1FD6E3020}.Release|Any CPU.Build.0 = Release|Any CPU
	EndGlobalSection
	GlobalSection(SolutionProperties) = preSolution
		HideSolutionNode = FALSE
	EndGlobalSection
	GlobalSection(ExtensibilityGlobals) = postSolution
		SolutionGuid = {ECDCBECC-C826-48B1-A595-C8385A68215E}
	EndGlobalSection
EndGlobal
